lockfileVersion: '9.0'

settings:
  autoInstallPeers: true
  excludeLinksFromLockfile: false

importers:

  .:
    dependencies:
      react:
        specifier: ^19.2.3
        version: 19.2.3
      react-dom:
        specifier: ^19.2.3
        version: 19.2.3(react@19.2.3)
      react-easy-crop:
        specifier: ^5.5.6
        version: 5.5.6(react-dom@19.2.3(react@19.2.3))(react@19.2.3)
    devDependencies:
      '@types/react':
        specifier: ^19.2.8
        version: 19.2.8
      '@types/react-dom':
        specifier: ^19.2.3
        version: 19.2.3(@types/react@19.2.8)

packages:

  '@types/react-dom@19.2.3':
    resolution: {integrity: sha512-jp2L/eY6fn+KgVVQAOqYItbF0VY/YApe5Mz2F0aykSO8gx31bYCZyvSeYxCHKvzHG5eZjc+zyaS5BrBWya2+kQ==}
    peerDependencies:
      '@types/react': ^19.2.0

  '@types/react@19.2.8':
    resolution: {integrity: sha512-3MbSL37jEchWZz2p2mjntRZtPt837ij10ApxKfgmXCTuHWagYg7iA5bqPw6C8BMPfwidlvfPI/fxOc42HLhcyg==}

  csstype@3.2.3:
    resolution: {integrity: sha512-z1HGKcYy2xA8AGQfwrn0PAy+PB7X/GSj3UVJW9qKyn43xWa+gl5nXmU4qqLMRzWVLFC8KusUX8T/0kCiOYpAIQ==}

  normalize-wheel@1.0.1:
    resolution: {integrity: sha512-1OnlAPZ3zgrk8B91HyRj+eVv+kS5u+Z0SCsak6Xil/kmgEia50ga7zfkumayonZrImffAxPU/5WcyGhzetHNPA==}

  react-dom@19.2.3:
    resolution: {integrity: sha512-yELu4WmLPw5Mr/lmeEpox5rw3RETacE++JgHqQzd2dg+YbJuat3jH4ingc+WPZhxaoFzdv9y33G+F7Nl5O0GBg==}
    peerDependencies:
      react: ^19.2.3

  react-easy-crop@5.5.6:
    resolution: {integrity: sha512-Jw3/ozs8uXj3NpL511Suc4AHY+mLRO23rUgipXvNYKqezcFSYHxe4QXibBymkOoY6oOtLVMPO2HNPRHYvMPyTw==}
    peerDependencies:
      react: '>=16.4.0'
      react-dom: '>=16.4.0'

  react@19.2.3:
    resolution: {integrity: sha512-Ku/hhYbVjOQnXDZFv2+RibmLFGwFdeeKHFcOTlrt7xplBnya5OGn/hIRDsqDiSUcfORsDC7MPxwork8jBwsIWA==}
    engines: {node: '>=0.10.0'}

  scheduler@0.27.0:
    resolution: {integrity: sha512-eNv+WrVbKu1f3vbYJT/xtiF5syA5HPIMtf9IgY/nKg0sWqzAUEvqY/xm7OcZc/qafLx/iO9FgOmeSAp4v5ti/Q==}

  tslib@2.8.1:
    resolution: {integrity: sha512-oJFu94HQb+KVduSUQL7wnpmqnfmLsOA/nAh6b6EH0wCEoK0/mPeXU6c3wKDV83MkOuHPRHtSXKKU99IBazS/2w==}

snapshots:

  '@types/react-dom@19.2.3(@types/react@19.2.8)':
    dependencies:
      '@types/react': 19.2.8

  '@types/react@19.2.8':
    dependencies:
      csstype: 3.2.3

  csstype@3.2.3: {}

  normalize-wheel@1.0.1: {}

  react-dom@19.2.3(react@19.2.3):
    dependencies:
      react: 19.2.3
      scheduler: 0.27.0

  react-easy-crop@5.5.6(react-dom@19.2.3(react@19.2.3))(react@19.2.3):
    dependencies:
      normalize-wheel: 1.0.1
      react: 19.2.3
      react-dom: 19.2.3(react@19.2.3)
      tslib: 2.8.1

  react@19.2.3: {}

  scheduler@0.27.0: {}

  tslib@2.8.1: {}
